lockVersion: 2.0.0
id: b8abc47f-7981-4f2e-afa7-660d4968d840
management:
  docChecksum: 2516596125ef223fbbef6c434d22eaac
  docVersion: 1.0.0
  speakeasyVersion: 1.213.0
  generationVersion: 2.283.1
  releaseVersion: 24.8.11
  configChecksum: 0b7a33501cd7e058d49600a48592e57f
  repoURL: https://github.com/speakeasy-sdks/triple.git
  repoSubDirectory: go
  installationURL: https://github.com/speakeasy-sdks/triple/go
  published: true
features:
  go:
    core: 3.4.4
    globalServerURLs: 2.82.2
    responseFormat: 0.1.0
  python:
    core: 4.3.0
    globalServerURLs: 2.82.1
generatedFiles:
  - pets.go
  - triple.go
  - go.mod
  - pkg/models/sdkerrors/sdkerror.go
  - pkg/types/bigint.go
  - pkg/types/date.go
  - pkg/types/datetime.go
  - pkg/types/decimal.go
  - pkg/types/pointers.go
  - pkg/utils/contenttype.go
  - pkg/utils/form.go
  - pkg/utils/headers.go
  - pkg/utils/json.go
  - pkg/utils/pathparams.go
  - pkg/utils/queryparams.go
  - pkg/utils/requestbody.go
  - pkg/utils/retries.go
  - pkg/utils/security.go
  - pkg/utils/utils.go
  - /pkg/models/operations/createpets.go
  - /pkg/models/operations/listpets.go
  - /pkg/models/operations/showpetbyid.go
  - /pkg/models/shared/error.go
  - /pkg/models/shared/pet.go
  - docs/pkg/models/operations/createpetsresponse.md
  - docs/pkg/models/operations/listpetsrequest.md
  - docs/pkg/models/operations/listpetsresponse.md
  - docs/pkg/models/operations/showpetbyidrequest.md
  - docs/pkg/models/operations/showpetbyidresponse.md
  - docs/pkg/models/shared/error.md
  - docs/pkg/models/shared/pet.md
  - docs/sdks/triple/README.md
  - docs/sdks/pets/README.md
  - USAGE.md
  - .gitattributes
  - internal/hooks/hooks.go
